// !$*UTF8*$!
{
	archiveVersion = 1;
	classes = {
	};
	objectVersion = 51;
	objects = {

/* Begin PBXBuildFile section */
		32CED32854565B094D76ADE8 /* Pods_TwoDaysOnTwoDaysOff.framework in Frameworks */ = {isa = PBXBuildFile; fileRef = DB28FEB83D11D287291690AA /* Pods_TwoDaysOnTwoDaysOff.framework */; };
		4850FF866ABCEECA67D9E7EE /* Pods_TwoDaysOnTwoDaysOffTests.framework in Frameworks */ = {isa = PBXBuildFile; fileRef = 096A2FC18545F4E431F10F7A /* Pods_TwoDaysOnTwoDaysOffTests.framework */; };
		5615739528003150001D28BD /* DetailsViewMode.swift in Sources */ = {isa = PBXBuildFile; fileRef = 5615739428003150001D28BD /* DetailsViewMode.swift */; };
		5615739928003684001D28BD /* SheetModifier.swift in Sources */ = {isa = PBXBuildFile; fileRef = 5615739828003684001D28BD /* SheetModifier.swift */; };
		563148A1271824320020A8E7 /* TextView.swift in Sources */ = {isa = PBXBuildFile; fileRef = 563148A0271824320020A8E7 /* TextView.swift */; };
		563148A427188A950020A8E7 /* ApplicationColor.swift in Sources */ = {isa = PBXBuildFile; fileRef = 563148A327188A950020A8E7 /* ApplicationColor.swift */; };
		563148A7271D41170020A8E7 /* MonthCalendarLayoutConfiguration.swift in Sources */ = {isa = PBXBuildFile; fileRef = 563148A6271D41170020A8E7 /* MonthCalendarLayoutConfiguration.swift */; };
		563148CD2722D4CF0020A8E7 /* KeyboardObserver.swift in Sources */ = {isa = PBXBuildFile; fileRef = 563148CC2722D4CF0020A8E7 /* KeyboardObserver.swift */; };
		563148CF2722DAF00020A8E7 /* ApplicationObserver.swift in Sources */ = {isa = PBXBuildFile; fileRef = 563148CE2722DAF00020A8E7 /* ApplicationObserver.swift */; };
		563148D3272C3F9E0020A8E7 /* AddExceptionViewModel.swift in Sources */ = {isa = PBXBuildFile; fileRef = 563148D2272C3F9E0020A8E7 /* AddExceptionViewModel.swift */; };
		563148D7272C48840020A8E7 /* UpdateExceptionViewModel.swift in Sources */ = {isa = PBXBuildFile; fileRef = 563148D6272C48840020A8E7 /* UpdateExceptionViewModel.swift */; };
		563148D9272D347B0020A8E7 /* ExceptionViewModelFactory.swift in Sources */ = {isa = PBXBuildFile; fileRef = 563148D8272D347B0020A8E7 /* ExceptionViewModelFactory.swift */; };
		563148DB2736B49A0020A8E7 /* MonthCalendarConfiguration.swift in Sources */ = {isa = PBXBuildFile; fileRef = 563148DA2736B49A0020A8E7 /* MonthCalendarConfiguration.swift */; };
		563148DD2736BF180020A8E7 /* MonthCalendarManager.swift in Sources */ = {isa = PBXBuildFile; fileRef = 563148DC2736BF180020A8E7 /* MonthCalendarManager.swift */; };
		5659E63A27020C780092EA6E /* CustomFormSection.swift in Sources */ = {isa = PBXBuildFile; fileRef = 5659E63927020C780092EA6E /* CustomFormSection.swift */; };
		5659E63C2704847C0092EA6E /* MonthCalendarDatePickerAlert.swift in Sources */ = {isa = PBXBuildFile; fileRef = 5659E63B2704847C0092EA6E /* MonthCalendarDatePickerAlert.swift */; };
		5659E63E27075C6E0092EA6E /* View Extensions.swift in Sources */ = {isa = PBXBuildFile; fileRef = 5659E63D27075C6E0092EA6E /* View Extensions.swift */; };
		5659E649270E087E0092EA6E /* RealmManager.swift in Sources */ = {isa = PBXBuildFile; fileRef = 5659E648270E087E0092EA6E /* RealmManager.swift */; };
		566C679D273AC86A0056E616 /* Calendar + Extensions.swift in Sources */ = {isa = PBXBuildFile; fileRef = 566C679C273AC86A0056E616 /* Calendar + Extensions.swift */; };
		5670199926F8C968009A065C /* ExceptionDetailsViewModel.swift in Sources */ = {isa = PBXBuildFile; fileRef = 5670199826F8C968009A065C /* ExceptionDetailsViewModel.swift */; };
		56793C57276B84C6007BCB3A /* Exception.swift in Sources */ = {isa = PBXBuildFile; fileRef = 56793C56276B84C6007BCB3A /* Exception.swift */; };
		56793C5A276BAE1C007BCB3A /* DefaultButton.swift in Sources */ = {isa = PBXBuildFile; fileRef = 56793C59276BAE1C007BCB3A /* DefaultButton.swift */; };
		567EB178268A127500313D03 /* TwoDaysOnTwoDaysOffApp.swift in Sources */ = {isa = PBXBuildFile; fileRef = 567EB177268A127500313D03 /* TwoDaysOnTwoDaysOffApp.swift */; };
		567EB17A268A127500313D03 /* ContentView.swift in Sources */ = {isa = PBXBuildFile; fileRef = 567EB179268A127500313D03 /* ContentView.swift */; };
		567EB17C268A127800313D03 /* Assets.xcassets in Resources */ = {isa = PBXBuildFile; fileRef = 567EB17B268A127800313D03 /* Assets.xcassets */; };
		567EB17F268A127800313D03 /* Preview Assets.xcassets in Resources */ = {isa = PBXBuildFile; fileRef = 567EB17E268A127800313D03 /* Preview Assets.xcassets */; };
		567EB18A268A127800313D03 /* TwoDaysOnTwoDaysOffTests.swift in Sources */ = {isa = PBXBuildFile; fileRef = 567EB189268A127800313D03 /* TwoDaysOnTwoDaysOffTests.swift */; };
		567EB195268A127800313D03 /* TwoDaysOnTwoDaysOffUITests.swift in Sources */ = {isa = PBXBuildFile; fileRef = 567EB194268A127800313D03 /* TwoDaysOnTwoDaysOffUITests.swift */; };
		567EB1AA268A150400313D03 /* DaysDataStorageManager.swift in Sources */ = {isa = PBXBuildFile; fileRef = 567EB1A9268A150400313D03 /* DaysDataStorageManager.swift */; };
		567EB1AC268A151600313D03 /* ExceptionsDataStorageManager.swift in Sources */ = {isa = PBXBuildFile; fileRef = 567EB1AB268A151600313D03 /* ExceptionsDataStorageManager.swift */; };
		567EB1AF268A157E00313D03 /* JSONManager.swift in Sources */ = {isa = PBXBuildFile; fileRef = 567EB1AE268A157E00313D03 /* JSONManager.swift */; };
		567EB1B2268A15A000313D03 /* Day.swift in Sources */ = {isa = PBXBuildFile; fileRef = 567EB1B1268A15A000313D03 /* Day.swift */; };
		567EB1B8268A15DD00313D03 /* DateView.swift in Sources */ = {isa = PBXBuildFile; fileRef = 567EB1B7268A15DD00313D03 /* DateView.swift */; };
		567EB1BA268A15F700313D03 /* MonthView.swift in Sources */ = {isa = PBXBuildFile; fileRef = 567EB1B9268A15F700313D03 /* MonthView.swift */; };
		567EB1BE268A161400313D03 /* MonthAccessoryView.swift in Sources */ = {isa = PBXBuildFile; fileRef = 567EB1BD268A161400313D03 /* MonthAccessoryView.swift */; };
		567EB1C5268A166A00313D03 /* ExceptionListViewModel.swift in Sources */ = {isa = PBXBuildFile; fileRef = 567EB1C4268A166A00313D03 /* ExceptionListViewModel.swift */; };
		567EB1C8268A168800313D03 /* ExceptionDetailsView.swift in Sources */ = {isa = PBXBuildFile; fileRef = 567EB1C7268A168800313D03 /* ExceptionDetailsView.swift */; };
		567EB1CA268A169600313D03 /* ExceptionsListView.swift in Sources */ = {isa = PBXBuildFile; fileRef = 567EB1C9268A169600313D03 /* ExceptionsListView.swift */; };
		567EB1CE268A16D900313D03 /* UserSettings.swift in Sources */ = {isa = PBXBuildFile; fileRef = 567EB1CD268A16D900313D03 /* UserSettings.swift */; };
		567EB1D0268A16ED00313D03 /* UserSettingsViewModel.swift in Sources */ = {isa = PBXBuildFile; fileRef = 567EB1CF268A16ED00313D03 /* UserSettingsViewModel.swift */; };
		567EB1D4268A171D00313D03 /* DaysCountPicker.swift in Sources */ = {isa = PBXBuildFile; fileRef = 567EB1D3268A171D00313D03 /* DaysCountPicker.swift */; };
		567EB1D6268A173600313D03 /* DaysColorsView.swift in Sources */ = {isa = PBXBuildFile; fileRef = 567EB1D5268A173600313D03 /* DaysColorsView.swift */; };
		567EB1D8268A175000313D03 /* StartScreenView.swift in Sources */ = {isa = PBXBuildFile; fileRef = 567EB1D7268A175000313D03 /* StartScreenView.swift */; };
		567EB1DA268A180E00313D03 /* ScheduleMakerView.swift in Sources */ = {isa = PBXBuildFile; fileRef = 567EB1D9268A180E00313D03 /* ScheduleMakerView.swift */; };
		567EB1DF268A186700313D03 /* Array + Extensions.swift in Sources */ = {isa = PBXBuildFile; fileRef = 567EB1DE268A186700313D03 /* Array + Extensions.swift */; };
		567EB1E1268A187700313D03 /* Date + Extensions.swift in Sources */ = {isa = PBXBuildFile; fileRef = 567EB1E0268A187700313D03 /* Date + Extensions.swift */; };
		567EB1E3268A188800313D03 /* DateConstants.swift in Sources */ = {isa = PBXBuildFile; fileRef = 567EB1E2268A188800313D03 /* DateConstants.swift */; };
		567EB1E7268A18CB00313D03 /* CalendarConstants.swift in Sources */ = {isa = PBXBuildFile; fileRef = 567EB1E6268A18CB00313D03 /* CalendarConstants.swift */; };
		567EB1E9268A19A000313D03 /* AppDirectoryURLs.swift in Sources */ = {isa = PBXBuildFile; fileRef = 567EB1E8268A19A000313D03 /* AppDirectoryURLs.swift */; };
		567EB1EB268A19B400313D03 /* AppFileManager.swift in Sources */ = {isa = PBXBuildFile; fileRef = 567EB1EA268A19B400313D03 /* AppFileManager.swift */; };
		567EB1ED268A19C100313D03 /* AppFileStatusChecker.swift in Sources */ = {isa = PBXBuildFile; fileRef = 567EB1EC268A19C100313D03 /* AppFileStatusChecker.swift */; };
		567EB1F0268A1C3B00313D03 /* DaysColors.xcassets in Resources */ = {isa = PBXBuildFile; fileRef = 567EB1EF268A1C3B00313D03 /* DaysColors.xcassets */; };
		56950FFA27D640100086AD88 /* Blur.swift in Sources */ = {isa = PBXBuildFile; fileRef = 56950FF927D640100086AD88 /* Blur.swift */; };
		56A1B3B127622EF4005F1B56 /* RealmObserver.swift in Sources */ = {isa = PBXBuildFile; fileRef = 56A1B3B027622EF3005F1B56 /* RealmObserver.swift */; };
		56A1B3B7276767DD005F1B56 /* DetailsTextView.swift in Sources */ = {isa = PBXBuildFile; fileRef = 56A1B3B6276767DD005F1B56 /* DetailsTextView.swift */; };
		56A94B0027E8F4AD006548CE /* MonthPageDayViewModel.swift in Sources */ = {isa = PBXBuildFile; fileRef = 56A94AFF27E8F4AD006548CE /* MonthPageDayViewModel.swift */; };
		56A94B0627EA1C21006548CE /* MonthCalendarPage.swift in Sources */ = {isa = PBXBuildFile; fileRef = 56A94B0527EA1C21006548CE /* MonthCalendarPage.swift */; };
		56A94B0927EA326D006548CE /* Colors.swift in Sources */ = {isa = PBXBuildFile; fileRef = 56A94B0827EA326D006548CE /* Colors.swift */; };
		56A94B0D27EB17DD006548CE /* MonthCalendarColor.swift in Sources */ = {isa = PBXBuildFile; fileRef = 56A94B0C27EB17DD006548CE /* MonthCalendarColor.swift */; };
		56A94B0F27EF15B1006548CE /* TimeMeasure.swift in Sources */ = {isa = PBXBuildFile; fileRef = 56A94B0E27EF15B1006548CE /* TimeMeasure.swift */; };
		56A94B2F27F09386006548CE /* ClerableTextField.swift in Sources */ = {isa = PBXBuildFile; fileRef = 56A94B2E27F09386006548CE /* ClerableTextField.swift */; };
		56A94B3127F48920006548CE /* ExceptionRow.swift in Sources */ = {isa = PBXBuildFile; fileRef = 56A94B3027F48920006548CE /* ExceptionRow.swift */; };
		56ACFB0F276BB1AC003FBA28 /* LargeButtonPrimary.swift in Sources */ = {isa = PBXBuildFile; fileRef = 56ACFB0E276BB1AC003FBA28 /* LargeButtonPrimary.swift */; };
		56BEA0FC27C53FF5003B1D43 /* CalendarPager.swift in Sources */ = {isa = PBXBuildFile; fileRef = 56BEA0FB27C53FF5003B1D43 /* CalendarPager.swift */; };
		56BEA0FE27C54156003B1D43 /* CalendarView.swift in Sources */ = {isa = PBXBuildFile; fileRef = 56BEA0FD27C54156003B1D43 /* CalendarView.swift */; };
		56DF93AE27DF80D40015AFF1 /* AccessoryViewExceptionViewModel.swift in Sources */ = {isa = PBXBuildFile; fileRef = 56DF93AD27DF80D40015AFF1 /* AccessoryViewExceptionViewModel.swift */; };
		56DF93B027E0BEF70015AFF1 /* MonthView + Extensions.swift in Sources */ = {isa = PBXBuildFile; fileRef = 56DF93AF27E0BEF70015AFF1 /* MonthView + Extensions.swift */; };
		56E85D6C27F9CF1D002D71E0 /* AppHapticEngine.swift in Sources */ = {isa = PBXBuildFile; fileRef = 56E85D6B27F9CF1D002D71E0 /* AppHapticEngine.swift */; };
		56E85D6E27F9D9B0002D71E0 /* ExceptionListTableViewController.swift in Sources */ = {isa = PBXBuildFile; fileRef = 56E85D6D27F9D9B0002D71E0 /* ExceptionListTableViewController.swift */; };
		56E85D7027F9D9FF002D71E0 /* ExceptionTableViewCell.swift in Sources */ = {isa = PBXBuildFile; fileRef = 56E85D6F27F9D9FF002D71E0 /* ExceptionTableViewCell.swift */; };
		56E85D7227F9E212002D71E0 /* ExceptionsList.swift in Sources */ = {isa = PBXBuildFile; fileRef = 56E85D7127F9E212002D71E0 /* ExceptionsList.swift */; };
		56E85D7427FACF48002D71E0 /* CustomList.swift in Sources */ = {isa = PBXBuildFile; fileRef = 56E85D7327FACF48002D71E0 /* CustomList.swift */; };
		56E85D7827FB139E002D71E0 /* ContentRole.swift in Sources */ = {isa = PBXBuildFile; fileRef = 56E85D7727FB139E002D71E0 /* ContentRole.swift */; };
		56E85D7A27FB13D4002D71E0 /* ListMode.swift in Sources */ = {isa = PBXBuildFile; fileRef = 56E85D7927FB13D4002D71E0 /* ListMode.swift */; };
		56E85D7D27FB4EB3002D71E0 /* ExceptionRowOld.swift in Sources */ = {isa = PBXBuildFile; fileRef = 56E85D7C27FB4EB3002D71E0 /* ExceptionRowOld.swift */; };
		56E85D7F27FB4ED8002D71E0 /* LazyView.swift in Sources */ = {isa = PBXBuildFile; fileRef = 56E85D7E27FB4ED8002D71E0 /* LazyView.swift */; };
		56E85D8127FB5061002D71E0 /* ExceptionDetailsPreview.swift in Sources */ = {isa = PBXBuildFile; fileRef = 56E85D8027FB5061002D71E0 /* ExceptionDetailsPreview.swift */; };
		56EA81B6279C5A080015EC97 /* Sidebar.swift in Sources */ = {isa = PBXBuildFile; fileRef = 56EA81B5279C5A080015EC97 /* Sidebar.swift */; };
		56EA81BB279F1EF50015EC97 /* SwipeType.swift in Sources */ = {isa = PBXBuildFile; fileRef = 56EA81BA279F1EF50015EC97 /* SwipeType.swift */; };
		56EA81BD279F1F130015EC97 /* ScrollDirection.swift in Sources */ = {isa = PBXBuildFile; fileRef = 56EA81BC279F1F130015EC97 /* ScrollDirection.swift */; };
		56EA81BF27AA6CD00015EC97 /* SidebarModifier.swift in Sources */ = {isa = PBXBuildFile; fileRef = 56EA81BE27AA6CD00015EC97 /* SidebarModifier.swift */; };
		79A8D3CB87DEE41140E2BFB0 /* Pods_TwoDaysOnTwoDaysOff_TwoDaysOnTwoDaysOffUITests.framework in Frameworks */ = {isa = PBXBuildFile; fileRef = C49CA7981B54DAEA37F3914A /* Pods_TwoDaysOnTwoDaysOff_TwoDaysOnTwoDaysOffUITests.framework */; };
/* End PBXBuildFile section */

/* Begin PBXContainerItemProxy section */
		567EB186268A127800313D03 /* PBXContainerItemProxy */ = {
			isa = PBXContainerItemProxy;
			containerPortal = 567EB16C268A127400313D03 /* Project object */;
			proxyType = 1;
			remoteGlobalIDString = 567EB173268A127500313D03;
			remoteInfo = TwoDaysOnTwoDaysOff;
		};
		567EB191268A127800313D03 /* PBXContainerItemProxy */ = {
			isa = PBXContainerItemProxy;
			containerPortal = 567EB16C268A127400313D03 /* Project object */;
			proxyType = 1;
			remoteGlobalIDString = 567EB173268A127500313D03;
			remoteInfo = TwoDaysOnTwoDaysOff;
		};
/* End PBXContainerItemProxy section */

/* Begin PBXFileReference section */
		096A2FC18545F4E431F10F7A /* Pods_TwoDaysOnTwoDaysOffTests.framework */ = {isa = PBXFileReference; explicitFileType = wrapper.framework; includeInIndex = 0; path = Pods_TwoDaysOnTwoDaysOffTests.framework; sourceTree = BUILT_PRODUCTS_DIR; };
		41E066FACED08CD4A908066C /* Pods-TwoDaysOnTwoDaysOffTests.debug.xcconfig */ = {isa = PBXFileReference; includeInIndex = 1; lastKnownFileType = text.xcconfig; name = "Pods-TwoDaysOnTwoDaysOffTests.debug.xcconfig"; path = "Target Support Files/Pods-TwoDaysOnTwoDaysOffTests/Pods-TwoDaysOnTwoDaysOffTests.debug.xcconfig"; sourceTree = "<group>"; };
		4445414EBAD31B971EB017C2 /* Pods-TwoDaysOnTwoDaysOffTests.release.xcconfig */ = {isa = PBXFileReference; includeInIndex = 1; lastKnownFileType = text.xcconfig; name = "Pods-TwoDaysOnTwoDaysOffTests.release.xcconfig"; path = "Target Support Files/Pods-TwoDaysOnTwoDaysOffTests/Pods-TwoDaysOnTwoDaysOffTests.release.xcconfig"; sourceTree = "<group>"; };
		5615739428003150001D28BD /* DetailsViewMode.swift */ = {isa = PBXFileReference; lastKnownFileType = sourcecode.swift; path = DetailsViewMode.swift; sourceTree = "<group>"; };
		5615739828003684001D28BD /* SheetModifier.swift */ = {isa = PBXFileReference; lastKnownFileType = sourcecode.swift; path = SheetModifier.swift; sourceTree = "<group>"; };
		563148A0271824320020A8E7 /* TextView.swift */ = {isa = PBXFileReference; lastKnownFileType = sourcecode.swift; path = TextView.swift; sourceTree = "<group>"; };
		563148A327188A950020A8E7 /* ApplicationColor.swift */ = {isa = PBXFileReference; lastKnownFileType = sourcecode.swift; path = ApplicationColor.swift; sourceTree = "<group>"; };
		563148A6271D41170020A8E7 /* MonthCalendarLayoutConfiguration.swift */ = {isa = PBXFileReference; lastKnownFileType = sourcecode.swift; path = MonthCalendarLayoutConfiguration.swift; sourceTree = "<group>"; };
		563148CC2722D4CF0020A8E7 /* KeyboardObserver.swift */ = {isa = PBXFileReference; lastKnownFileType = sourcecode.swift; path = KeyboardObserver.swift; sourceTree = "<group>"; };
		563148CE2722DAF00020A8E7 /* ApplicationObserver.swift */ = {isa = PBXFileReference; lastKnownFileType = sourcecode.swift; path = ApplicationObserver.swift; sourceTree = "<group>"; };
		563148D2272C3F9E0020A8E7 /* AddExceptionViewModel.swift */ = {isa = PBXFileReference; lastKnownFileType = sourcecode.swift; path = AddExceptionViewModel.swift; sourceTree = "<group>"; };
		563148D6272C48840020A8E7 /* UpdateExceptionViewModel.swift */ = {isa = PBXFileReference; lastKnownFileType = sourcecode.swift; path = UpdateExceptionViewModel.swift; sourceTree = "<group>"; };
		563148D8272D347B0020A8E7 /* ExceptionViewModelFactory.swift */ = {isa = PBXFileReference; lastKnownFileType = sourcecode.swift; path = ExceptionViewModelFactory.swift; sourceTree = "<group>"; };
		563148DA2736B49A0020A8E7 /* MonthCalendarConfiguration.swift */ = {isa = PBXFileReference; lastKnownFileType = sourcecode.swift; path = MonthCalendarConfiguration.swift; sourceTree = "<group>"; };
		563148DC2736BF180020A8E7 /* MonthCalendarManager.swift */ = {isa = PBXFileReference; lastKnownFileType = sourcecode.swift; path = MonthCalendarManager.swift; sourceTree = "<group>"; };
		5659E63927020C780092EA6E /* CustomFormSection.swift */ = {isa = PBXFileReference; lastKnownFileType = sourcecode.swift; path = CustomFormSection.swift; sourceTree = "<group>"; };
		5659E63B2704847C0092EA6E /* MonthCalendarDatePickerAlert.swift */ = {isa = PBXFileReference; lastKnownFileType = sourcecode.swift; path = MonthCalendarDatePickerAlert.swift; sourceTree = "<group>"; };
		5659E63D27075C6E0092EA6E /* View Extensions.swift */ = {isa = PBXFileReference; lastKnownFileType = sourcecode.swift; path = "View Extensions.swift"; sourceTree = "<group>"; };
		5659E648270E087E0092EA6E /* RealmManager.swift */ = {isa = PBXFileReference; lastKnownFileType = sourcecode.swift; path = RealmManager.swift; sourceTree = "<group>"; };
		566C679C273AC86A0056E616 /* Calendar + Extensions.swift */ = {isa = PBXFileReference; lastKnownFileType = sourcecode.swift; path = "Calendar + Extensions.swift"; sourceTree = "<group>"; };
		5670199826F8C968009A065C /* ExceptionDetailsViewModel.swift */ = {isa = PBXFileReference; lastKnownFileType = sourcecode.swift; path = ExceptionDetailsViewModel.swift; sourceTree = "<group>"; };
		56793C56276B84C6007BCB3A /* Exception.swift */ = {isa = PBXFileReference; lastKnownFileType = sourcecode.swift; path = Exception.swift; sourceTree = "<group>"; };
		56793C59276BAE1C007BCB3A /* DefaultButton.swift */ = {isa = PBXFileReference; lastKnownFileType = sourcecode.swift; path = DefaultButton.swift; sourceTree = "<group>"; };
		567EB174268A127500313D03 /* TwoDaysOnTwoDaysOff.app */ = {isa = PBXFileReference; explicitFileType = wrapper.application; includeInIndex = 0; path = TwoDaysOnTwoDaysOff.app; sourceTree = BUILT_PRODUCTS_DIR; };
		567EB177268A127500313D03 /* TwoDaysOnTwoDaysOffApp.swift */ = {isa = PBXFileReference; lastKnownFileType = sourcecode.swift; path = TwoDaysOnTwoDaysOffApp.swift; sourceTree = "<group>"; };
		567EB179268A127500313D03 /* ContentView.swift */ = {isa = PBXFileReference; lastKnownFileType = sourcecode.swift; path = ContentView.swift; sourceTree = "<group>"; };
		567EB17B268A127800313D03 /* Assets.xcassets */ = {isa = PBXFileReference; lastKnownFileType = folder.assetcatalog; path = Assets.xcassets; sourceTree = "<group>"; };
		567EB17E268A127800313D03 /* Preview Assets.xcassets */ = {isa = PBXFileReference; lastKnownFileType = folder.assetcatalog; path = "Preview Assets.xcassets"; sourceTree = "<group>"; };
		567EB180268A127800313D03 /* Info.plist */ = {isa = PBXFileReference; lastKnownFileType = text.plist.xml; path = Info.plist; sourceTree = "<group>"; };
		567EB185268A127800313D03 /* TwoDaysOnTwoDaysOffTests.xctest */ = {isa = PBXFileReference; explicitFileType = wrapper.cfbundle; includeInIndex = 0; path = TwoDaysOnTwoDaysOffTests.xctest; sourceTree = BUILT_PRODUCTS_DIR; };
		567EB189268A127800313D03 /* TwoDaysOnTwoDaysOffTests.swift */ = {isa = PBXFileReference; lastKnownFileType = sourcecode.swift; path = TwoDaysOnTwoDaysOffTests.swift; sourceTree = "<group>"; };
		567EB18B268A127800313D03 /* Info.plist */ = {isa = PBXFileReference; lastKnownFileType = text.plist.xml; path = Info.plist; sourceTree = "<group>"; };
		567EB190268A127800313D03 /* TwoDaysOnTwoDaysOffUITests.xctest */ = {isa = PBXFileReference; explicitFileType = wrapper.cfbundle; includeInIndex = 0; path = TwoDaysOnTwoDaysOffUITests.xctest; sourceTree = BUILT_PRODUCTS_DIR; };
		567EB194268A127800313D03 /* TwoDaysOnTwoDaysOffUITests.swift */ = {isa = PBXFileReference; lastKnownFileType = sourcecode.swift; path = TwoDaysOnTwoDaysOffUITests.swift; sourceTree = "<group>"; };
		567EB196268A127800313D03 /* Info.plist */ = {isa = PBXFileReference; lastKnownFileType = text.plist.xml; path = Info.plist; sourceTree = "<group>"; };
		567EB1A9268A150400313D03 /* DaysDataStorageManager.swift */ = {isa = PBXFileReference; lastKnownFileType = sourcecode.swift; path = DaysDataStorageManager.swift; sourceTree = "<group>"; };
		567EB1AB268A151600313D03 /* ExceptionsDataStorageManager.swift */ = {isa = PBXFileReference; lastKnownFileType = sourcecode.swift; path = ExceptionsDataStorageManager.swift; sourceTree = "<group>"; };
		567EB1AE268A157E00313D03 /* JSONManager.swift */ = {isa = PBXFileReference; lastKnownFileType = sourcecode.swift; path = JSONManager.swift; sourceTree = "<group>"; };
		567EB1B1268A15A000313D03 /* Day.swift */ = {isa = PBXFileReference; lastKnownFileType = sourcecode.swift; path = Day.swift; sourceTree = "<group>"; };
		567EB1B7268A15DD00313D03 /* DateView.swift */ = {isa = PBXFileReference; lastKnownFileType = sourcecode.swift; path = DateView.swift; sourceTree = "<group>"; };
		567EB1B9268A15F700313D03 /* MonthView.swift */ = {isa = PBXFileReference; lastKnownFileType = sourcecode.swift; path = MonthView.swift; sourceTree = "<group>"; };
		567EB1BD268A161400313D03 /* MonthAccessoryView.swift */ = {isa = PBXFileReference; lastKnownFileType = sourcecode.swift; path = MonthAccessoryView.swift; sourceTree = "<group>"; };
		567EB1C4268A166A00313D03 /* ExceptionListViewModel.swift */ = {isa = PBXFileReference; lastKnownFileType = sourcecode.swift; path = ExceptionListViewModel.swift; sourceTree = "<group>"; };
		567EB1C7268A168800313D03 /* ExceptionDetailsView.swift */ = {isa = PBXFileReference; lastKnownFileType = sourcecode.swift; path = ExceptionDetailsView.swift; sourceTree = "<group>"; };
		567EB1C9268A169600313D03 /* ExceptionsListView.swift */ = {isa = PBXFileReference; lastKnownFileType = sourcecode.swift; path = ExceptionsListView.swift; sourceTree = "<group>"; };
		567EB1CD268A16D900313D03 /* UserSettings.swift */ = {isa = PBXFileReference; lastKnownFileType = sourcecode.swift; path = UserSettings.swift; sourceTree = "<group>"; };
		567EB1CF268A16ED00313D03 /* UserSettingsViewModel.swift */ = {isa = PBXFileReference; lastKnownFileType = sourcecode.swift; path = UserSettingsViewModel.swift; sourceTree = "<group>"; };
		567EB1D3268A171D00313D03 /* DaysCountPicker.swift */ = {isa = PBXFileReference; lastKnownFileType = sourcecode.swift; path = DaysCountPicker.swift; sourceTree = "<group>"; };
		567EB1D5268A173600313D03 /* DaysColorsView.swift */ = {isa = PBXFileReference; lastKnownFileType = sourcecode.swift; path = DaysColorsView.swift; sourceTree = "<group>"; };
		567EB1D7268A175000313D03 /* StartScreenView.swift */ = {isa = PBXFileReference; lastKnownFileType = sourcecode.swift; path = StartScreenView.swift; sourceTree = "<group>"; };
		567EB1D9268A180E00313D03 /* ScheduleMakerView.swift */ = {isa = PBXFileReference; lastKnownFileType = sourcecode.swift; path = ScheduleMakerView.swift; sourceTree = "<group>"; };
		567EB1DE268A186700313D03 /* Array + Extensions.swift */ = {isa = PBXFileReference; lastKnownFileType = sourcecode.swift; path = "Array + Extensions.swift"; sourceTree = "<group>"; };
		567EB1E0268A187700313D03 /* Date + Extensions.swift */ = {isa = PBXFileReference; lastKnownFileType = sourcecode.swift; path = "Date + Extensions.swift"; sourceTree = "<group>"; };
		567EB1E2268A188800313D03 /* DateConstants.swift */ = {isa = PBXFileReference; lastKnownFileType = sourcecode.swift; path = DateConstants.swift; sourceTree = "<group>"; };
		567EB1E6268A18CB00313D03 /* CalendarConstants.swift */ = {isa = PBXFileReference; lastKnownFileType = sourcecode.swift; path = CalendarConstants.swift; sourceTree = "<group>"; };
		567EB1E8268A19A000313D03 /* AppDirectoryURLs.swift */ = {isa = PBXFileReference; lastKnownFileType = sourcecode.swift; path = AppDirectoryURLs.swift; sourceTree = "<group>"; };
		567EB1EA268A19B400313D03 /* AppFileManager.swift */ = {isa = PBXFileReference; lastKnownFileType = sourcecode.swift; path = AppFileManager.swift; sourceTree = "<group>"; };
		567EB1EC268A19C100313D03 /* AppFileStatusChecker.swift */ = {isa = PBXFileReference; lastKnownFileType = sourcecode.swift; path = AppFileStatusChecker.swift; sourceTree = "<group>"; };
		567EB1EF268A1C3B00313D03 /* DaysColors.xcassets */ = {isa = PBXFileReference; lastKnownFileType = folder.assetcatalog; path = DaysColors.xcassets; sourceTree = "<group>"; };
		56950FF927D640100086AD88 /* Blur.swift */ = {isa = PBXFileReference; lastKnownFileType = sourcecode.swift; path = Blur.swift; sourceTree = "<group>"; };
		56A1B3B027622EF3005F1B56 /* RealmObserver.swift */ = {isa = PBXFileReference; lastKnownFileType = sourcecode.swift; path = RealmObserver.swift; sourceTree = "<group>"; };
		56A1B3B6276767DD005F1B56 /* DetailsTextView.swift */ = {isa = PBXFileReference; lastKnownFileType = sourcecode.swift; path = DetailsTextView.swift; sourceTree = "<group>"; };
		56A94AFF27E8F4AD006548CE /* MonthPageDayViewModel.swift */ = {isa = PBXFileReference; lastKnownFileType = sourcecode.swift; path = MonthPageDayViewModel.swift; sourceTree = "<group>"; };
		56A94B0527EA1C21006548CE /* MonthCalendarPage.swift */ = {isa = PBXFileReference; lastKnownFileType = sourcecode.swift; path = MonthCalendarPage.swift; sourceTree = "<group>"; };
		56A94B0827EA326D006548CE /* Colors.swift */ = {isa = PBXFileReference; lastKnownFileType = sourcecode.swift; path = Colors.swift; sourceTree = "<group>"; };
		56A94B0C27EB17DD006548CE /* MonthCalendarColor.swift */ = {isa = PBXFileReference; lastKnownFileType = sourcecode.swift; path = MonthCalendarColor.swift; sourceTree = "<group>"; };
		56A94B0E27EF15B1006548CE /* TimeMeasure.swift */ = {isa = PBXFileReference; lastKnownFileType = sourcecode.swift; path = TimeMeasure.swift; sourceTree = "<group>"; };
		56A94B2E27F09386006548CE /* ClerableTextField.swift */ = {isa = PBXFileReference; lastKnownFileType = sourcecode.swift; path = ClerableTextField.swift; sourceTree = "<group>"; };
		56A94B3027F48920006548CE /* ExceptionRow.swift */ = {isa = PBXFileReference; lastKnownFileType = sourcecode.swift; path = ExceptionRow.swift; sourceTree = "<group>"; };
		56ACFB0E276BB1AC003FBA28 /* LargeButtonPrimary.swift */ = {isa = PBXFileReference; lastKnownFileType = sourcecode.swift; path = LargeButtonPrimary.swift; sourceTree = "<group>"; };
		56BEA0FB27C53FF5003B1D43 /* CalendarPager.swift */ = {isa = PBXFileReference; lastKnownFileType = sourcecode.swift; path = CalendarPager.swift; sourceTree = "<group>"; };
		56BEA0FD27C54156003B1D43 /* CalendarView.swift */ = {isa = PBXFileReference; lastKnownFileType = sourcecode.swift; path = CalendarView.swift; sourceTree = "<group>"; };
		56DF93AD27DF80D40015AFF1 /* AccessoryViewExceptionViewModel.swift */ = {isa = PBXFileReference; lastKnownFileType = sourcecode.swift; path = AccessoryViewExceptionViewModel.swift; sourceTree = "<group>"; };
		56DF93AF27E0BEF70015AFF1 /* MonthView + Extensions.swift */ = {isa = PBXFileReference; lastKnownFileType = sourcecode.swift; path = "MonthView + Extensions.swift"; sourceTree = "<group>"; };
		56E85D6B27F9CF1D002D71E0 /* AppHapticEngine.swift */ = {isa = PBXFileReference; lastKnownFileType = sourcecode.swift; path = AppHapticEngine.swift; sourceTree = "<group>"; };
		56E85D6D27F9D9B0002D71E0 /* ExceptionListTableViewController.swift */ = {isa = PBXFileReference; lastKnownFileType = sourcecode.swift; path = ExceptionListTableViewController.swift; sourceTree = "<group>"; };
		56E85D6F27F9D9FF002D71E0 /* ExceptionTableViewCell.swift */ = {isa = PBXFileReference; lastKnownFileType = sourcecode.swift; path = ExceptionTableViewCell.swift; sourceTree = "<group>"; };
		56E85D7127F9E212002D71E0 /* ExceptionsList.swift */ = {isa = PBXFileReference; lastKnownFileType = sourcecode.swift; path = ExceptionsList.swift; sourceTree = "<group>"; };
		56E85D7327FACF48002D71E0 /* CustomList.swift */ = {isa = PBXFileReference; lastKnownFileType = sourcecode.swift; path = CustomList.swift; sourceTree = "<group>"; };
		56E85D7727FB139E002D71E0 /* ContentRole.swift */ = {isa = PBXFileReference; lastKnownFileType = sourcecode.swift; path = ContentRole.swift; sourceTree = "<group>"; };
		56E85D7927FB13D4002D71E0 /* ListMode.swift */ = {isa = PBXFileReference; lastKnownFileType = sourcecode.swift; path = ListMode.swift; sourceTree = "<group>"; };
		56E85D7C27FB4EB3002D71E0 /* ExceptionRowOld.swift */ = {isa = PBXFileReference; lastKnownFileType = sourcecode.swift; path = ExceptionRowOld.swift; sourceTree = "<group>"; };
		56E85D7E27FB4ED8002D71E0 /* LazyView.swift */ = {isa = PBXFileReference; lastKnownFileType = sourcecode.swift; path = LazyView.swift; sourceTree = "<group>"; };
		56E85D8027FB5061002D71E0 /* ExceptionDetailsPreview.swift */ = {isa = PBXFileReference; lastKnownFileType = sourcecode.swift; path = ExceptionDetailsPreview.swift; sourceTree = "<group>"; };
		56EA81B5279C5A080015EC97 /* Sidebar.swift */ = {isa = PBXFileReference; lastKnownFileType = sourcecode.swift; path = Sidebar.swift; sourceTree = "<group>"; };
		56EA81BA279F1EF50015EC97 /* SwipeType.swift */ = {isa = PBXFileReference; lastKnownFileType = sourcecode.swift; path = SwipeType.swift; sourceTree = "<group>"; };
		56EA81BC279F1F130015EC97 /* ScrollDirection.swift */ = {isa = PBXFileReference; lastKnownFileType = sourcecode.swift; path = ScrollDirection.swift; sourceTree = "<group>"; };
		56EA81BE27AA6CD00015EC97 /* SidebarModifier.swift */ = {isa = PBXFileReference; lastKnownFileType = sourcecode.swift; path = SidebarModifier.swift; sourceTree = "<group>"; };
		85AAE656378DE0AE3120A514 /* Pods-TwoDaysOnTwoDaysOff.debug.xcconfig */ = {isa = PBXFileReference; includeInIndex = 1; lastKnownFileType = text.xcconfig; name = "Pods-TwoDaysOnTwoDaysOff.debug.xcconfig"; path = "Target Support Files/Pods-TwoDaysOnTwoDaysOff/Pods-TwoDaysOnTwoDaysOff.debug.xcconfig"; sourceTree = "<group>"; };
		8925D81D5B0022A19D8B7DE1 /* Pods-TwoDaysOnTwoDaysOff-TwoDaysOnTwoDaysOffUITests.release.xcconfig */ = {isa = PBXFileReference; includeInIndex = 1; lastKnownFileType = text.xcconfig; name = "Pods-TwoDaysOnTwoDaysOff-TwoDaysOnTwoDaysOffUITests.release.xcconfig"; path = "Target Support Files/Pods-TwoDaysOnTwoDaysOff-TwoDaysOnTwoDaysOffUITests/Pods-TwoDaysOnTwoDaysOff-TwoDaysOnTwoDaysOffUITests.release.xcconfig"; sourceTree = "<group>"; };
		936E66EE5441552D7CFCE054 /* Pods-TwoDaysOnTwoDaysOff.release.xcconfig */ = {isa = PBXFileReference; includeInIndex = 1; lastKnownFileType = text.xcconfig; name = "Pods-TwoDaysOnTwoDaysOff.release.xcconfig"; path = "Target Support Files/Pods-TwoDaysOnTwoDaysOff/Pods-TwoDaysOnTwoDaysOff.release.xcconfig"; sourceTree = "<group>"; };
		96C5D08C4AEA540088B21AA0 /* Pods-TwoDaysOnTwoDaysOff-TwoDaysOnTwoDaysOffUITests.debug.xcconfig */ = {isa = PBXFileReference; includeInIndex = 1; lastKnownFileType = text.xcconfig; name = "Pods-TwoDaysOnTwoDaysOff-TwoDaysOnTwoDaysOffUITests.debug.xcconfig"; path = "Target Support Files/Pods-TwoDaysOnTwoDaysOff-TwoDaysOnTwoDaysOffUITests/Pods-TwoDaysOnTwoDaysOff-TwoDaysOnTwoDaysOffUITests.debug.xcconfig"; sourceTree = "<group>"; };
		C49CA7981B54DAEA37F3914A /* Pods_TwoDaysOnTwoDaysOff_TwoDaysOnTwoDaysOffUITests.framework */ = {isa = PBXFileReference; explicitFileType = wrapper.framework; includeInIndex = 0; path = Pods_TwoDaysOnTwoDaysOff_TwoDaysOnTwoDaysOffUITests.framework; sourceTree = BUILT_PRODUCTS_DIR; };
		DB28FEB83D11D287291690AA /* Pods_TwoDaysOnTwoDaysOff.framework */ = {isa = PBXFileReference; explicitFileType = wrapper.framework; includeInIndex = 0; path = Pods_TwoDaysOnTwoDaysOff.framework; sourceTree = BUILT_PRODUCTS_DIR; };
/* End PBXFileReference section */

/* Begin PBXFrameworksBuildPhase section */
		567EB171268A127500313D03 /* Frameworks */ = {
			isa = PBXFrameworksBuildPhase;
			buildActionMask = 2147483647;
			files = (
				32CED32854565B094D76ADE8 /* Pods_TwoDaysOnTwoDaysOff.framework in Frameworks */,
			);
			runOnlyForDeploymentPostprocessing = 0;
		};
		567EB182268A127800313D03 /* Frameworks */ = {
			isa = PBXFrameworksBuildPhase;
			buildActionMask = 2147483647;
			files = (
				4850FF866ABCEECA67D9E7EE /* Pods_TwoDaysOnTwoDaysOffTests.framework in Frameworks */,
			);
			runOnlyForDeploymentPostprocessing = 0;
		};
		567EB18D268A127800313D03 /* Frameworks */ = {
			isa = PBXFrameworksBuildPhase;
			buildActionMask = 2147483647;
			files = (
				79A8D3CB87DEE41140E2BFB0 /* Pods_TwoDaysOnTwoDaysOff_TwoDaysOnTwoDaysOffUITests.framework in Frameworks */,
			);
			runOnlyForDeploymentPostprocessing = 0;
		};
/* End PBXFrameworksBuildPhase section */

/* Begin PBXGroup section */
		2961C9E41A555D2EA3BBCD95 /* Pods */ = {
			isa = PBXGroup;
			children = (
				85AAE656378DE0AE3120A514 /* Pods-TwoDaysOnTwoDaysOff.debug.xcconfig */,
				936E66EE5441552D7CFCE054 /* Pods-TwoDaysOnTwoDaysOff.release.xcconfig */,
				96C5D08C4AEA540088B21AA0 /* Pods-TwoDaysOnTwoDaysOff-TwoDaysOnTwoDaysOffUITests.debug.xcconfig */,
				8925D81D5B0022A19D8B7DE1 /* Pods-TwoDaysOnTwoDaysOff-TwoDaysOnTwoDaysOffUITests.release.xcconfig */,
				41E066FACED08CD4A908066C /* Pods-TwoDaysOnTwoDaysOffTests.debug.xcconfig */,
				4445414EBAD31B971EB017C2 /* Pods-TwoDaysOnTwoDaysOffTests.release.xcconfig */,
			);
			path = Pods;
			sourceTree = "<group>";
		};
		5615739628003651001D28BD /* Alert */ = {
			isa = PBXGroup;
			children = (
			);
			path = Alert;
			sourceTree = "<group>";
		};
		5615739728003676001D28BD /* Sheet */ = {
			isa = PBXGroup;
			children = (
				5615739828003684001D28BD /* SheetModifier.swift */,
			);
			path = Sheet;
			sourceTree = "<group>";
		};
		563148A227188A480020A8E7 /* Environments */ = {
			isa = PBXGroup;
			children = (
				563148A327188A950020A8E7 /* ApplicationColor.swift */,
				56A94B0C27EB17DD006548CE /* MonthCalendarColor.swift */,
			);
			path = Environments;
			sourceTree = "<group>";
		};
		563148A5271D40E40020A8E7 /* Calendar Configuration */ = {
			isa = PBXGroup;
			children = (
				563148A6271D41170020A8E7 /* MonthCalendarLayoutConfiguration.swift */,
				563148DA2736B49A0020A8E7 /* MonthCalendarConfiguration.swift */,
				563148DC2736BF180020A8E7 /* MonthCalendarManager.swift */,
			);
			path = "Calendar Configuration";
			sourceTree = "<group>";
		};
		563148B72721CD680020A8E7 /* Model */ = {
			isa = PBXGroup;
			children = (
				56793C56276B84C6007BCB3A /* Exception.swift */,
			);
			path = Model;
			sourceTree = "<group>";
		};
		563148CB2722D4A70020A8E7 /* Observers */ = {
			isa = PBXGroup;
			children = (
				563148CC2722D4CF0020A8E7 /* KeyboardObserver.swift */,
				563148CE2722DAF00020A8E7 /* ApplicationObserver.swift */,
				56A1B3B027622EF3005F1B56 /* RealmObserver.swift */,
			);
			path = Observers;
			sourceTree = "<group>";
		};
		56793C58276BADDE007BCB3A /* Modifiers & Styles */ = {
			isa = PBXGroup;
			children = (
				5615739728003676001D28BD /* Sheet */,
				5615739628003651001D28BD /* Alert */,
				56EA81B4279C599C0015EC97 /* Sidebar */,
				56A94B0727EA323A006548CE /* Colors */,
				56950FF827D640010086AD88 /* Effects */,
				56ACFB0D276BB181003FBA28 /* Buttons */,
			);
			path = "Modifiers & Styles";
			sourceTree = "<group>";
		};
		567EB16B268A127400313D03 = {
			isa = PBXGroup;
			children = (
				567EB176268A127500313D03 /* TwoDaysOnTwoDaysOff */,
				567EB188268A127800313D03 /* TwoDaysOnTwoDaysOffTests */,
				567EB193268A127800313D03 /* TwoDaysOnTwoDaysOffUITests */,
				567EB175268A127500313D03 /* Products */,
				2961C9E41A555D2EA3BBCD95 /* Pods */,
				C35B3A15CB65070EA3D67D09 /* Frameworks */,
			);
			sourceTree = "<group>";
		};
		567EB175268A127500313D03 /* Products */ = {
			isa = PBXGroup;
			children = (
				567EB174268A127500313D03 /* TwoDaysOnTwoDaysOff.app */,
				567EB185268A127800313D03 /* TwoDaysOnTwoDaysOffTests.xctest */,
				567EB190268A127800313D03 /* TwoDaysOnTwoDaysOffUITests.xctest */,
			);
			name = Products;
			sourceTree = "<group>";
		};
		567EB176268A127500313D03 /* TwoDaysOnTwoDaysOff */ = {
			isa = PBXGroup;
			children = (
				567EB177268A127500313D03 /* TwoDaysOnTwoDaysOffApp.swift */,
				567EB179268A127500313D03 /* ContentView.swift */,
				567EB17B268A127800313D03 /* Assets.xcassets */,
				567EB180268A127800313D03 /* Info.plist */,
				567EB17D268A127800313D03 /* Preview Content */,
				56EA81B9279F1ED80015EC97 /* Public Enums */,
				56793C58276BADDE007BCB3A /* Modifiers & Styles */,
				56E85D7B27FB4EA0002D71E0 /* Legacy */,
				567EB1A8268A14CC00313D03 /* Reusable Views */,
				567EB1AD268A152100313D03 /* DataStorageManagers */,
				567EB1B0268A158100313D03 /* JSON */,
				567EB1C0268A162B00313D03 /* Calendar */,
				56A94B2927F0890E006548CE /* Reusable Month Calendar */,
				567EB1CC268A16B600313D03 /* Exceptions */,
				567EB1DD268A183400313D03 /* Set up Calendar */,
				567EB1E4268A189200313D03 /* Extensions */,
				563148A227188A480020A8E7 /* Environments */,
				563148CB2722D4A70020A8E7 /* Observers */,
				567EB1E5268A189E00313D03 /* Constants */,
				567EB1EE268A19EE00313D03 /* AppFileManager */,
				567EB1EF268A1C3B00313D03 /* DaysColors.xcassets */,
				5659E648270E087E0092EA6E /* RealmManager.swift */,
				56E85D6B27F9CF1D002D71E0 /* AppHapticEngine.swift */,
			);
			path = TwoDaysOnTwoDaysOff;
			sourceTree = "<group>";
		};
		567EB17D268A127800313D03 /* Preview Content */ = {
			isa = PBXGroup;
			children = (
				567EB17E268A127800313D03 /* Preview Assets.xcassets */,
			);
			path = "Preview Content";
			sourceTree = "<group>";
		};
		567EB188268A127800313D03 /* TwoDaysOnTwoDaysOffTests */ = {
			isa = PBXGroup;
			children = (
				567EB189268A127800313D03 /* TwoDaysOnTwoDaysOffTests.swift */,
				567EB18B268A127800313D03 /* Info.plist */,
			);
			path = TwoDaysOnTwoDaysOffTests;
			sourceTree = "<group>";
		};
		567EB193268A127800313D03 /* TwoDaysOnTwoDaysOffUITests */ = {
			isa = PBXGroup;
			children = (
				567EB194268A127800313D03 /* TwoDaysOnTwoDaysOffUITests.swift */,
				567EB196268A127800313D03 /* Info.plist */,
			);
			path = TwoDaysOnTwoDaysOffUITests;
			sourceTree = "<group>";
		};
		567EB1A8268A14CC00313D03 /* Reusable Views */ = {
			isa = PBXGroup;
			children = (
				5659E63927020C780092EA6E /* CustomFormSection.swift */,
				5659E63B2704847C0092EA6E /* MonthCalendarDatePickerAlert.swift */,
				563148A0271824320020A8E7 /* TextView.swift */,
				56E85D7E27FB4ED8002D71E0 /* LazyView.swift */,
			);
			path = "Reusable Views";
			sourceTree = "<group>";
		};
		567EB1AD268A152100313D03 /* DataStorageManagers */ = {
			isa = PBXGroup;
			children = (
				567EB1A9268A150400313D03 /* DaysDataStorageManager.swift */,
				567EB1AB268A151600313D03 /* ExceptionsDataStorageManager.swift */,
			);
			path = DataStorageManagers;
			sourceTree = "<group>";
		};
		567EB1B0268A158100313D03 /* JSON */ = {
			isa = PBXGroup;
			children = (
				567EB1AE268A157E00313D03 /* JSONManager.swift */,
			);
			path = JSON;
			sourceTree = "<group>";
		};
		567EB1B3268A15A500313D03 /* Model */ = {
			isa = PBXGroup;
			children = (
				567EB1B1268A15A000313D03 /* Day.swift */,
			);
			path = Model;
			sourceTree = "<group>";
		};
		567EB1C0268A162B00313D03 /* Calendar */ = {
			isa = PBXGroup;
			children = (
				567EB1B3268A15A500313D03 /* Model */,
				56A94B2C27F089A4006548CE /* Main Screen */,
				56A94B2627F08881006548CE /* AccessoryView MVVM */,
				56A94B2327F087C6006548CE /* Month Calendar Page MVVM */,
			);
			path = Calendar;
			sourceTree = "<group>";
		};
		567EB1CC268A16B600313D03 /* Exceptions */ = {
			isa = PBXGroup;
			children = (
				563148B72721CD680020A8E7 /* Model */,
				56A94B2027F08758006548CE /* Exceptions List MVVM */,
				56A94B1C27F086D0006548CE /* Exception Details MVVM */,
			);
			path = Exceptions;
			sourceTree = "<group>";
		};
		567EB1D1268A16F800313D03 /* Model */ = {
			isa = PBXGroup;
			children = (
				567EB1CD268A16D900313D03 /* UserSettings.swift */,
			);
			path = Model;
			sourceTree = "<group>";
		};
		567EB1D2268A16FE00313D03 /* ViewModel */ = {
			isa = PBXGroup;
			children = (
				567EB1CF268A16ED00313D03 /* UserSettingsViewModel.swift */,
			);
			path = ViewModel;
			sourceTree = "<group>";
		};
		567EB1DC268A182900313D03 /* View */ = {
			isa = PBXGroup;
			children = (
				567EB1D3268A171D00313D03 /* DaysCountPicker.swift */,
				567EB1D5268A173600313D03 /* DaysColorsView.swift */,
				567EB1D7268A175000313D03 /* StartScreenView.swift */,
				567EB1D9268A180E00313D03 /* ScheduleMakerView.swift */,
			);
			path = View;
			sourceTree = "<group>";
		};
		567EB1DD268A183400313D03 /* Set up Calendar */ = {
			isa = PBXGroup;
			children = (
				567EB1D1268A16F800313D03 /* Model */,
				567EB1DC268A182900313D03 /* View */,
				567EB1D2268A16FE00313D03 /* ViewModel */,
			);
			path = "Set up Calendar";
			sourceTree = "<group>";
		};
		567EB1E4268A189200313D03 /* Extensions */ = {
			isa = PBXGroup;
			children = (
				56DF93AF27E0BEF70015AFF1 /* MonthView + Extensions.swift */,
				567EB1DE268A186700313D03 /* Array + Extensions.swift */,
				567EB1E0268A187700313D03 /* Date + Extensions.swift */,
				5659E63D27075C6E0092EA6E /* View Extensions.swift */,
				566C679C273AC86A0056E616 /* Calendar + Extensions.swift */,
			);
			path = Extensions;
			sourceTree = "<group>";
		};
		567EB1E5268A189E00313D03 /* Constants */ = {
			isa = PBXGroup;
			children = (
				567EB1E2268A188800313D03 /* DateConstants.swift */,
				567EB1E6268A18CB00313D03 /* CalendarConstants.swift */,
				56A94B0E27EF15B1006548CE /* TimeMeasure.swift */,
			);
			path = Constants;
			sourceTree = "<group>";
		};
		567EB1EE268A19EE00313D03 /* AppFileManager */ = {
			isa = PBXGroup;
			children = (
				567EB1E8268A19A000313D03 /* AppDirectoryURLs.swift */,
				567EB1EA268A19B400313D03 /* AppFileManager.swift */,
				567EB1EC268A19C100313D03 /* AppFileStatusChecker.swift */,
			);
			path = AppFileManager;
			sourceTree = "<group>";
		};
		56950FF827D640010086AD88 /* Effects */ = {
			isa = PBXGroup;
			children = (
				56950FF927D640100086AD88 /* Blur.swift */,
			);
			path = Effects;
			sourceTree = "<group>";
		};
		56A94B0727EA323A006548CE /* Colors */ = {
			isa = PBXGroup;
			children = (
				56A94B0827EA326D006548CE /* Colors.swift */,
			);
			path = Colors;
			sourceTree = "<group>";
		};
		56A94B1C27F086D0006548CE /* Exception Details MVVM */ = {
			isa = PBXGroup;
			children = (
				56A94B1E27F086EE006548CE /* View */,
				56A94B1D27F086E7006548CE /* ViewModel */,
			);
			path = "Exception Details MVVM";
			sourceTree = "<group>";
		};
		56A94B1D27F086E7006548CE /* ViewModel */ = {
			isa = PBXGroup;
			children = (
				5670199826F8C968009A065C /* ExceptionDetailsViewModel.swift */,
				563148D2272C3F9E0020A8E7 /* AddExceptionViewModel.swift */,
				563148D6272C48840020A8E7 /* UpdateExceptionViewModel.swift */,
				563148D8272D347B0020A8E7 /* ExceptionViewModelFactory.swift */,
			);
			path = ViewModel;
			sourceTree = "<group>";
		};
		56A94B1E27F086EE006548CE /* View */ = {
			isa = PBXGroup;
			children = (
				567EB1C7268A168800313D03 /* ExceptionDetailsView.swift */,
				56A1B3B6276767DD005F1B56 /* DetailsTextView.swift */,
				56E85D8027FB5061002D71E0 /* ExceptionDetailsPreview.swift */,
			);
			path = View;
			sourceTree = "<group>";
		};
		56A94B2027F08758006548CE /* Exceptions List MVVM */ = {
			isa = PBXGroup;
			children = (
				56A94B2227F0877B006548CE /* View */,
				56A94B2127F08773006548CE /* ViewModel */,
			);
			path = "Exceptions List MVVM";
			sourceTree = "<group>";
		};
		56A94B2127F08773006548CE /* ViewModel */ = {
			isa = PBXGroup;
			children = (
				567EB1C4268A166A00313D03 /* ExceptionListViewModel.swift */,
			);
			path = ViewModel;
			sourceTree = "<group>";
		};
		56A94B2227F0877B006548CE /* View */ = {
			isa = PBXGroup;
			children = (
				567EB1C9268A169600313D03 /* ExceptionsListView.swift */,
				56A94B3027F48920006548CE /* ExceptionRow.swift */,
			);
			path = View;
			sourceTree = "<group>";
		};
		56A94B2327F087C6006548CE /* Month Calendar Page MVVM */ = {
			isa = PBXGroup;
			children = (
				56A94B2527F087E2006548CE /* View */,
				56A94B2427F087DC006548CE /* ViewModel */,
			);
			path = "Month Calendar Page MVVM";
			sourceTree = "<group>";
		};
		56A94B2427F087DC006548CE /* ViewModel */ = {
			isa = PBXGroup;
			children = (
				56A94AFF27E8F4AD006548CE /* MonthPageDayViewModel.swift */,
			);
			path = ViewModel;
			sourceTree = "<group>";
		};
		56A94B2527F087E2006548CE /* View */ = {
			isa = PBXGroup;
			children = (
				567EB1B7268A15DD00313D03 /* DateView.swift */,
				56A94B0527EA1C21006548CE /* MonthCalendarPage.swift */,
			);
			path = View;
			sourceTree = "<group>";
		};
		56A94B2627F08881006548CE /* AccessoryView MVVM */ = {
			isa = PBXGroup;
			children = (
				56A94B2827F08895006548CE /* View */,
				56A94B2727F0888D006548CE /* ViewModel */,
			);
			path = "AccessoryView MVVM";
			sourceTree = "<group>";
		};
		56A94B2727F0888D006548CE /* ViewModel */ = {
			isa = PBXGroup;
			children = (
				56DF93AD27DF80D40015AFF1 /* AccessoryViewExceptionViewModel.swift */,
			);
			path = ViewModel;
			sourceTree = "<group>";
		};
		56A94B2827F08895006548CE /* View */ = {
			isa = PBXGroup;
			children = (
				567EB1BD268A161400313D03 /* MonthAccessoryView.swift */,
			);
			path = View;
			sourceTree = "<group>";
		};
		56A94B2927F0890E006548CE /* Reusable Month Calendar */ = {
			isa = PBXGroup;
			children = (
				56A94B2B27F08967006548CE /* View */,
				563148A5271D40E40020A8E7 /* Calendar Configuration */,
			);
			path = "Reusable Month Calendar";
			sourceTree = "<group>";
		};
		56A94B2B27F08967006548CE /* View */ = {
			isa = PBXGroup;
			children = (
				567EB1B9268A15F700313D03 /* MonthView.swift */,
			);
			path = View;
			sourceTree = "<group>";
		};
		56A94B2C27F089A4006548CE /* Main Screen */ = {
			isa = PBXGroup;
			children = (
				56A94B2D27F089C6006548CE /* View */,
			);
			path = "Main Screen";
			sourceTree = "<group>";
		};
		56A94B2D27F089C6006548CE /* View */ = {
			isa = PBXGroup;
			children = (
				56BEA0FD27C54156003B1D43 /* CalendarView.swift */,
				56BEA0FB27C53FF5003B1D43 /* CalendarPager.swift */,
			);
			path = View;
			sourceTree = "<group>";
		};
		56ACFB0D276BB181003FBA28 /* Buttons */ = {
			isa = PBXGroup;
			children = (
				56793C59276BAE1C007BCB3A /* DefaultButton.swift */,
				56ACFB0E276BB1AC003FBA28 /* LargeButtonPrimary.swift */,
			);
			path = Buttons;
			sourceTree = "<group>";
		};
		56E85D7B27FB4EA0002D71E0 /* Legacy */ = {
			isa = PBXGroup;
			children = (
				56E85D6D27F9D9B0002D71E0 /* ExceptionListTableViewController.swift */,
				56E85D7C27FB4EB3002D71E0 /* ExceptionRowOld.swift */,
				56E85D6F27F9D9FF002D71E0 /* ExceptionTableViewCell.swift */,
				56E85D7327FACF48002D71E0 /* CustomList.swift */,
				56A94B2E27F09386006548CE /* ClerableTextField.swift */,
				56E85D7127F9E212002D71E0 /* ExceptionsList.swift */,
				5615739428003150001D28BD /* DetailsViewMode.swift */,
			);
			path = Legacy;
			sourceTree = "<group>";
		};
		56EA81B4279C599C0015EC97 /* Sidebar */ = {
			isa = PBXGroup;
			children = (
				56EA81BE27AA6CD00015EC97 /* SidebarModifier.swift */,
				56EA81B5279C5A080015EC97 /* Sidebar.swift */,
			);
			path = Sidebar;
			sourceTree = "<group>";
		};
		56EA81B9279F1ED80015EC97 /* Public Enums */ = {
			isa = PBXGroup;
			children = (
				56EA81BA279F1EF50015EC97 /* SwipeType.swift */,
				56EA81BC279F1F130015EC97 /* ScrollDirection.swift */,
				56E85D7727FB139E002D71E0 /* ContentRole.swift */,
				56E85D7927FB13D4002D71E0 /* ListMode.swift */,
			);
			path = "Public Enums";
			sourceTree = "<group>";
		};
		C35B3A15CB65070EA3D67D09 /* Frameworks */ = {
			isa = PBXGroup;
			children = (
				DB28FEB83D11D287291690AA /* Pods_TwoDaysOnTwoDaysOff.framework */,
				C49CA7981B54DAEA37F3914A /* Pods_TwoDaysOnTwoDaysOff_TwoDaysOnTwoDaysOffUITests.framework */,
				096A2FC18545F4E431F10F7A /* Pods_TwoDaysOnTwoDaysOffTests.framework */,
			);
			name = Frameworks;
			sourceTree = "<group>";
		};
/* End PBXGroup section */

/* Begin PBXNativeTarget section */
		567EB173268A127500313D03 /* TwoDaysOnTwoDaysOff */ = {
			isa = PBXNativeTarget;
			buildConfigurationList = 567EB199268A127800313D03 /* Build configuration list for PBXNativeTarget "TwoDaysOnTwoDaysOff" */;
			buildPhases = (
				C1A51B4B7477F15D4C31E27B /* [CP] Check Pods Manifest.lock */,
				567EB170268A127500313D03 /* Sources */,
				567EB171268A127500313D03 /* Frameworks */,
				567EB172268A127500313D03 /* Resources */,
				6CE824C70BAC968023C413B8 /* [CP] Embed Pods Frameworks */,
			);
			buildRules = (
			);
			dependencies = (
			);
			name = TwoDaysOnTwoDaysOff;
			productName = TwoDaysOnTwoDaysOff;
			productReference = 567EB174268A127500313D03 /* TwoDaysOnTwoDaysOff.app */;
			productType = "com.apple.product-type.application";
		};
		567EB184268A127800313D03 /* TwoDaysOnTwoDaysOffTests */ = {
			isa = PBXNativeTarget;
			buildConfigurationList = 567EB19C268A127800313D03 /* Build configuration list for PBXNativeTarget "TwoDaysOnTwoDaysOffTests" */;
			buildPhases = (
				9E97C32337109036AD91568C /* [CP] Check Pods Manifest.lock */,
				567EB181268A127800313D03 /* Sources */,
				567EB182268A127800313D03 /* Frameworks */,
				567EB183268A127800313D03 /* Resources */,
			);
			buildRules = (
			);
			dependencies = (
				567EB187268A127800313D03 /* PBXTargetDependency */,
			);
			name = TwoDaysOnTwoDaysOffTests;
			productName = TwoDaysOnTwoDaysOffTests;
			productReference = 567EB185268A127800313D03 /* TwoDaysOnTwoDaysOffTests.xctest */;
			productType = "com.apple.product-type.bundle.unit-test";
		};
		567EB18F268A127800313D03 /* TwoDaysOnTwoDaysOffUITests */ = {
			isa = PBXNativeTarget;
			buildConfigurationList = 567EB19F268A127800313D03 /* Build configuration list for PBXNativeTarget "TwoDaysOnTwoDaysOffUITests" */;
			buildPhases = (
				9D9DC7990CC4C3A8A306FBBF /* [CP] Check Pods Manifest.lock */,
				567EB18C268A127800313D03 /* Sources */,
				567EB18D268A127800313D03 /* Frameworks */,
				567EB18E268A127800313D03 /* Resources */,
				B75DB8FD5C755B24F293746F /* [CP] Embed Pods Frameworks */,
			);
			buildRules = (
			);
			dependencies = (
				567EB192268A127800313D03 /* PBXTargetDependency */,
			);
			name = TwoDaysOnTwoDaysOffUITests;
			productName = TwoDaysOnTwoDaysOffUITests;
			productReference = 567EB190268A127800313D03 /* TwoDaysOnTwoDaysOffUITests.xctest */;
			productType = "com.apple.product-type.bundle.ui-testing";
		};
/* End PBXNativeTarget section */

/* Begin PBXProject section */
		567EB16C268A127400313D03 /* Project object */ = {
			isa = PBXProject;
			attributes = {
				LastSwiftUpdateCheck = 1250;
				LastUpgradeCheck = 1250;
				TargetAttributes = {
					567EB173268A127500313D03 = {
						CreatedOnToolsVersion = 12.5.1;
					};
					567EB184268A127800313D03 = {
						CreatedOnToolsVersion = 12.5.1;
						TestTargetID = 567EB173268A127500313D03;
					};
					567EB18F268A127800313D03 = {
						CreatedOnToolsVersion = 12.5.1;
						TestTargetID = 567EB173268A127500313D03;
					};
				};
			};
			buildConfigurationList = 567EB16F268A127400313D03 /* Build configuration list for PBXProject "TwoDaysOnTwoDaysOff" */;
			compatibilityVersion = "Xcode 9.3";
			developmentRegion = en;
			hasScannedForEncodings = 0;
			knownRegions = (
				en,
				Base,
				ru,
			);
			mainGroup = 567EB16B268A127400313D03;
			productRefGroup = 567EB175268A127500313D03 /* Products */;
			projectDirPath = "";
			projectRoot = "";
			targets = (
				567EB173268A127500313D03 /* TwoDaysOnTwoDaysOff */,
				567EB184268A127800313D03 /* TwoDaysOnTwoDaysOffTests */,
				567EB18F268A127800313D03 /* TwoDaysOnTwoDaysOffUITests */,
			);
		};
/* End PBXProject section */

/* Begin PBXResourcesBuildPhase section */
		567EB172268A127500313D03 /* Resources */ = {
			isa = PBXResourcesBuildPhase;
			buildActionMask = 2147483647;
			files = (
				567EB17F268A127800313D03 /* Preview Assets.xcassets in Resources */,
				567EB17C268A127800313D03 /* Assets.xcassets in Resources */,
				567EB1F0268A1C3B00313D03 /* DaysColors.xcassets in Resources */,
			);
			runOnlyForDeploymentPostprocessing = 0;
		};
		567EB183268A127800313D03 /* Resources */ = {
			isa = PBXResourcesBuildPhase;
			buildActionMask = 2147483647;
			files = (
			);
			runOnlyForDeploymentPostprocessing = 0;
		};
		567EB18E268A127800313D03 /* Resources */ = {
			isa = PBXResourcesBuildPhase;
			buildActionMask = 2147483647;
			files = (
			);
			runOnlyForDeploymentPostprocessing = 0;
		};
/* End PBXResourcesBuildPhase section */

/* Begin PBXShellScriptBuildPhase section */
		6CE824C70BAC968023C413B8 /* [CP] Embed Pods Frameworks */ = {
			isa = PBXShellScriptBuildPhase;
			buildActionMask = 2147483647;
			files = (
			);
			inputFileListPaths = (
				"${PODS_ROOT}/Target Support Files/Pods-TwoDaysOnTwoDaysOff/Pods-TwoDaysOnTwoDaysOff-frameworks-${CONFIGURATION}-input-files.xcfilelist",
			);
			name = "[CP] Embed Pods Frameworks";
			outputFileListPaths = (
				"${PODS_ROOT}/Target Support Files/Pods-TwoDaysOnTwoDaysOff/Pods-TwoDaysOnTwoDaysOff-frameworks-${CONFIGURATION}-output-files.xcfilelist",
			);
			runOnlyForDeploymentPostprocessing = 0;
			shellPath = /bin/sh;
			shellScript = "\"${PODS_ROOT}/Target Support Files/Pods-TwoDaysOnTwoDaysOff/Pods-TwoDaysOnTwoDaysOff-frameworks.sh\"\n";
			showEnvVarsInLog = 0;
		};
		9D9DC7990CC4C3A8A306FBBF /* [CP] Check Pods Manifest.lock */ = {
			isa = PBXShellScriptBuildPhase;
			buildActionMask = 2147483647;
			files = (
			);
			inputFileListPaths = (
			);
			inputPaths = (
				"${PODS_PODFILE_DIR_PATH}/Podfile.lock",
				"${PODS_ROOT}/Manifest.lock",
			);
			name = "[CP] Check Pods Manifest.lock";
			outputFileListPaths = (
			);
			outputPaths = (
				"$(DERIVED_FILE_DIR)/Pods-TwoDaysOnTwoDaysOff-TwoDaysOnTwoDaysOffUITests-checkManifestLockResult.txt",
			);
			runOnlyForDeploymentPostprocessing = 0;
			shellPath = /bin/sh;
			shellScript = "diff \"${PODS_PODFILE_DIR_PATH}/Podfile.lock\" \"${PODS_ROOT}/Manifest.lock\" > /dev/null\nif [ $? != 0 ] ; then\n    # print error to STDERR\n    echo \"error: The sandbox is not in sync with the Podfile.lock. Run 'pod install' or update your CocoaPods installation.\" >&2\n    exit 1\nfi\n# This output is used by Xcode 'outputs' to avoid re-running this script phase.\necho \"SUCCESS\" > \"${SCRIPT_OUTPUT_FILE_0}\"\n";
			showEnvVarsInLog = 0;
		};
		9E97C32337109036AD91568C /* [CP] Check Pods Manifest.lock */ = {
			isa = PBXShellScriptBuildPhase;
			buildActionMask = 2147483647;
			files = (
			);
			inputFileListPaths = (
			);
			inputPaths = (
				"${PODS_PODFILE_DIR_PATH}/Podfile.lock",
				"${PODS_ROOT}/Manifest.lock",
			);
			name = "[CP] Check Pods Manifest.lock";
			outputFileListPaths = (
			);
			outputPaths = (
				"$(DERIVED_FILE_DIR)/Pods-TwoDaysOnTwoDaysOffTests-checkManifestLockResult.txt",
			);
			runOnlyForDeploymentPostprocessing = 0;
			shellPath = /bin/sh;
			shellScript = "diff \"${PODS_PODFILE_DIR_PATH}/Podfile.lock\" \"${PODS_ROOT}/Manifest.lock\" > /dev/null\nif [ $? != 0 ] ; then\n    # print error to STDERR\n    echo \"error: The sandbox is not in sync with the Podfile.lock. Run 'pod install' or update your CocoaPods installation.\" >&2\n    exit 1\nfi\n# This output is used by Xcode 'outputs' to avoid re-running this script phase.\necho \"SUCCESS\" > \"${SCRIPT_OUTPUT_FILE_0}\"\n";
			showEnvVarsInLog = 0;
		};
		B75DB8FD5C755B24F293746F /* [CP] Embed Pods Frameworks */ = {
			isa = PBXShellScriptBuildPhase;
			buildActionMask = 2147483647;
			files = (
			);
			inputFileListPaths = (
				"${PODS_ROOT}/Target Support Files/Pods-TwoDaysOnTwoDaysOff-TwoDaysOnTwoDaysOffUITests/Pods-TwoDaysOnTwoDaysOff-TwoDaysOnTwoDaysOffUITests-frameworks-${CONFIGURATION}-input-files.xcfilelist",
			);
			name = "[CP] Embed Pods Frameworks";
			outputFileListPaths = (
				"${PODS_ROOT}/Target Support Files/Pods-TwoDaysOnTwoDaysOff-TwoDaysOnTwoDaysOffUITests/Pods-TwoDaysOnTwoDaysOff-TwoDaysOnTwoDaysOffUITests-frameworks-${CONFIGURATION}-output-files.xcfilelist",
			);
			runOnlyForDeploymentPostprocessing = 0;
			shellPath = /bin/sh;
			shellScript = "\"${PODS_ROOT}/Target Support Files/Pods-TwoDaysOnTwoDaysOff-TwoDaysOnTwoDaysOffUITests/Pods-TwoDaysOnTwoDaysOff-TwoDaysOnTwoDaysOffUITests-frameworks.sh\"\n";
			showEnvVarsInLog = 0;
		};
		C1A51B4B7477F15D4C31E27B /* [CP] Check Pods Manifest.lock */ = {
			isa = PBXShellScriptBuildPhase;
			buildActionMask = 2147483647;
			files = (
			);
			inputFileListPaths = (
			);
			inputPaths = (
				"${PODS_PODFILE_DIR_PATH}/Podfile.lock",
				"${PODS_ROOT}/Manifest.lock",
			);
			name = "[CP] Check Pods Manifest.lock";
			outputFileListPaths = (
			);
			outputPaths = (
				"$(DERIVED_FILE_DIR)/Pods-TwoDaysOnTwoDaysOff-checkManifestLockResult.txt",
			);
			runOnlyForDeploymentPostprocessing = 0;
			shellPath = /bin/sh;
			shellScript = "diff \"${PODS_PODFILE_DIR_PATH}/Podfile.lock\" \"${PODS_ROOT}/Manifest.lock\" > /dev/null\nif [ $? != 0 ] ; then\n    # print error to STDERR\n    echo \"error: The sandbox is not in sync with the Podfile.lock. Run 'pod install' or update your CocoaPods installation.\" >&2\n    exit 1\nfi\n# This output is used by Xcode 'outputs' to avoid re-running this script phase.\necho \"SUCCESS\" > \"${SCRIPT_OUTPUT_FILE_0}\"\n";
			showEnvVarsInLog = 0;
		};
/* End PBXShellScriptBuildPhase section */

/* Begin PBXSourcesBuildPhase section */
		567EB170268A127500313D03 /* Sources */ = {
			isa = PBXSourcesBuildPhase;
			buildActionMask = 2147483647;
			files = (
				56E85D7D27FB4EB3002D71E0 /* ExceptionRowOld.swift in Sources */,
				56E85D7A27FB13D4002D71E0 /* ListMode.swift in Sources */,
				56A94B0D27EB17DD006548CE /* MonthCalendarColor.swift in Sources */,
				5659E63C2704847C0092EA6E /* MonthCalendarDatePickerAlert.swift in Sources */,
				563148A7271D41170020A8E7 /* MonthCalendarLayoutConfiguration.swift in Sources */,
				567EB1BA268A15F700313D03 /* MonthView.swift in Sources */,
				56DF93AE27DF80D40015AFF1 /* AccessoryViewExceptionViewModel.swift in Sources */,
				56ACFB0F276BB1AC003FBA28 /* LargeButtonPrimary.swift in Sources */,
				56DF93B027E0BEF70015AFF1 /* MonthView + Extensions.swift in Sources */,
				56E85D7027F9D9FF002D71E0 /* ExceptionTableViewCell.swift in Sources */,
				567EB1E7268A18CB00313D03 /* CalendarConstants.swift in Sources */,
				56E85D7827FB139E002D71E0 /* ContentRole.swift in Sources */,
				567EB1B8268A15DD00313D03 /* DateView.swift in Sources */,
				567EB1EB268A19B400313D03 /* AppFileManager.swift in Sources */,
				56BEA0FC27C53FF5003B1D43 /* CalendarPager.swift in Sources */,
				567EB17A268A127500313D03 /* ContentView.swift in Sources */,
				56A94B0F27EF15B1006548CE /* TimeMeasure.swift in Sources */,
				567EB1AF268A157E00313D03 /* JSONManager.swift in Sources */,
				563148CD2722D4CF0020A8E7 /* KeyboardObserver.swift in Sources */,
				563148D7272C48840020A8E7 /* UpdateExceptionViewModel.swift in Sources */,
				567EB1D6268A173600313D03 /* DaysColorsView.swift in Sources */,
				567EB1E1268A187700313D03 /* Date + Extensions.swift in Sources */,
				5659E63A27020C780092EA6E /* CustomFormSection.swift in Sources */,
				567EB1E3268A188800313D03 /* DateConstants.swift in Sources */,
				56A94B3127F48920006548CE /* ExceptionRow.swift in Sources */,
				56E85D7427FACF48002D71E0 /* CustomList.swift in Sources */,
				56A94B0027E8F4AD006548CE /* MonthPageDayViewModel.swift in Sources */,
				56E85D7F27FB4ED8002D71E0 /* LazyView.swift in Sources */,
				56EA81BB279F1EF50015EC97 /* SwipeType.swift in Sources */,
				5659E649270E087E0092EA6E /* RealmManager.swift in Sources */,
				566C679D273AC86A0056E616 /* Calendar + Extensions.swift in Sources */,
				567EB1C8268A168800313D03 /* ExceptionDetailsView.swift in Sources */,
				56EA81BD279F1F130015EC97 /* ScrollDirection.swift in Sources */,
				563148DB2736B49A0020A8E7 /* MonthCalendarConfiguration.swift in Sources */,
				56793C5A276BAE1C007BCB3A /* DefaultButton.swift in Sources */,
				567EB1B2268A15A000313D03 /* Day.swift in Sources */,
				567EB1D8268A175000313D03 /* StartScreenView.swift in Sources */,
				567EB1C5268A166A00313D03 /* ExceptionListViewModel.swift in Sources */,
				56E85D6C27F9CF1D002D71E0 /* AppHapticEngine.swift in Sources */,
				56E85D8127FB5061002D71E0 /* ExceptionDetailsPreview.swift in Sources */,
				567EB1CA268A169600313D03 /* ExceptionsListView.swift in Sources */,
				563148A1271824320020A8E7 /* TextView.swift in Sources */,
				563148DD2736BF180020A8E7 /* MonthCalendarManager.swift in Sources */,
				563148D9272D347B0020A8E7 /* ExceptionViewModelFactory.swift in Sources */,
				56950FFA27D640100086AD88 /* Blur.swift in Sources */,
				5615739528003150001D28BD /* DetailsViewMode.swift in Sources */,
				56A94B0927EA326D006548CE /* Colors.swift in Sources */,
				5659E63E27075C6E0092EA6E /* View Extensions.swift in Sources */,
				563148D3272C3F9E0020A8E7 /* AddExceptionViewModel.swift in Sources */,
				56A1B3B7276767DD005F1B56 /* DetailsTextView.swift in Sources */,
				5615739928003684001D28BD /* SheetModifier.swift in Sources */,
				56A1B3B127622EF4005F1B56 /* RealmObserver.swift in Sources */,
				567EB1DF268A186700313D03 /* Array + Extensions.swift in Sources */,
				567EB1AA268A150400313D03 /* DaysDataStorageManager.swift in Sources */,
				567EB1BE268A161400313D03 /* MonthAccessoryView.swift in Sources */,
				56BEA0FE27C54156003B1D43 /* CalendarView.swift in Sources */,
				567EB1DA268A180E00313D03 /* ScheduleMakerView.swift in Sources */,
				567EB1ED268A19C100313D03 /* AppFileStatusChecker.swift in Sources */,
				56A94B2F27F09386006548CE /* ClerableTextField.swift in Sources */,
				56793C57276B84C6007BCB3A /* Exception.swift in Sources */,
				56E85D6E27F9D9B0002D71E0 /* ExceptionListTableViewController.swift in Sources */,
				567EB1CE268A16D900313D03 /* UserSettings.swift in Sources */,
				56EA81B6279C5A080015EC97 /* Sidebar.swift in Sources */,
				56E85D7227F9E212002D71E0 /* ExceptionsList.swift in Sources */,
				567EB1E9268A19A000313D03 /* AppDirectoryURLs.swift in Sources */,
				567EB1D0268A16ED00313D03 /* UserSettingsViewModel.swift in Sources */,
				56A94B0627EA1C21006548CE /* MonthCalendarPage.swift in Sources */,
				5670199926F8C968009A065C /* ExceptionDetailsViewModel.swift in Sources */,
				563148CF2722DAF00020A8E7 /* ApplicationObserver.swift in Sources */,
				567EB1D4268A171D00313D03 /* DaysCountPicker.swift in Sources */,
				567EB178268A127500313D03 /* TwoDaysOnTwoDaysOffApp.swift in Sources */,
				567EB1AC268A151600313D03 /* ExceptionsDataStorageManager.swift in Sources */,
				56EA81BF27AA6CD00015EC97 /* SidebarModifier.swift in Sources */,
				563148A427188A950020A8E7 /* ApplicationColor.swift in Sources */,
			);
			runOnlyForDeploymentPostprocessing = 0;
		};
		567EB181268A127800313D03 /* Sources */ = {
			isa = PBXSourcesBuildPhase;
			buildActionMask = 2147483647;
			files = (
				567EB18A268A127800313D03 /* TwoDaysOnTwoDaysOffTests.swift in Sources */,
			);
			runOnlyForDeploymentPostprocessing = 0;
		};
		567EB18C268A127800313D03 /* Sources */ = {
			isa = PBXSourcesBuildPhase;
			buildActionMask = 2147483647;
			files = (
				567EB195268A127800313D03 /* TwoDaysOnTwoDaysOffUITests.swift in Sources */,
			);
			runOnlyForDeploymentPostprocessing = 0;
		};
/* End PBXSourcesBuildPhase section */

/* Begin PBXTargetDependency section */
		567EB187268A127800313D03 /* PBXTargetDependency */ = {
			isa = PBXTargetDependency;
			target = 567EB173268A127500313D03 /* TwoDaysOnTwoDaysOff */;
			targetProxy = 567EB186268A127800313D03 /* PBXContainerItemProxy */;
		};
		567EB192268A127800313D03 /* PBXTargetDependency */ = {
			isa = PBXTargetDependency;
			target = 567EB173268A127500313D03 /* TwoDaysOnTwoDaysOff */;
			targetProxy = 567EB191268A127800313D03 /* PBXContainerItemProxy */;
		};
/* End PBXTargetDependency section */

/* Begin XCBuildConfiguration section */
		567EB197268A127800313D03 /* Debug */ = {
			isa = XCBuildConfiguration;
			buildSettings = {
				ALWAYS_SEARCH_USER_PATHS = NO;
				CLANG_ANALYZER_LOCALIZABILITY_NONLOCALIZED = YES;
				CLANG_ANALYZER_NONNULL = YES;
				CLANG_ANALYZER_NUMBER_OBJECT_CONVERSION = YES_AGGRESSIVE;
				CLANG_CXX_LANGUAGE_STANDARD = "gnu++14";
				CLANG_CXX_LIBRARY = "libc++";
				CLANG_ENABLE_MODULES = YES;
				CLANG_ENABLE_OBJC_ARC = YES;
				CLANG_ENABLE_OBJC_WEAK = YES;
				CLANG_WARN_BLOCK_CAPTURE_AUTORELEASING = YES;
				CLANG_WARN_BOOL_CONVERSION = YES;
				CLANG_WARN_COMMA = YES;
				CLANG_WARN_CONSTANT_CONVERSION = YES;
				CLANG_WARN_DEPRECATED_OBJC_IMPLEMENTATIONS = YES;
				CLANG_WARN_DIRECT_OBJC_ISA_USAGE = YES_ERROR;
				CLANG_WARN_DOCUMENTATION_COMMENTS = YES;
				CLANG_WARN_EMPTY_BODY = YES;
				CLANG_WARN_ENUM_CONVERSION = YES;
				CLANG_WARN_INFINITE_RECURSION = YES;
				CLANG_WARN_INT_CONVERSION = YES;
				CLANG_WARN_NON_LITERAL_NULL_CONVERSION = YES;
				CLANG_WARN_OBJC_IMPLICIT_RETAIN_SELF = YES;
				CLANG_WARN_OBJC_LITERAL_CONVERSION = YES;
				CLANG_WARN_OBJC_ROOT_CLASS = YES_ERROR;
				CLANG_WARN_QUOTED_INCLUDE_IN_FRAMEWORK_HEADER = YES;
				CLANG_WARN_RANGE_LOOP_ANALYSIS = YES;
				CLANG_WARN_STRICT_PROTOTYPES = YES;
				CLANG_WARN_SUSPICIOUS_MOVE = YES;
				CLANG_WARN_UNGUARDED_AVAILABILITY = YES_AGGRESSIVE;
				CLANG_WARN_UNREACHABLE_CODE = YES;
				CLANG_WARN__DUPLICATE_METHOD_MATCH = YES;
				COPY_PHASE_STRIP = NO;
				DEBUG_INFORMATION_FORMAT = dwarf;
				ENABLE_STRICT_OBJC_MSGSEND = YES;
				ENABLE_TESTABILITY = YES;
				GCC_C_LANGUAGE_STANDARD = gnu11;
				GCC_DYNAMIC_NO_PIC = NO;
				GCC_NO_COMMON_BLOCKS = YES;
				GCC_OPTIMIZATION_LEVEL = 0;
				GCC_PREPROCESSOR_DEFINITIONS = (
					"DEBUG=1",
					"$(inherited)",
				);
				GCC_WARN_64_TO_32_BIT_CONVERSION = YES;
				GCC_WARN_ABOUT_RETURN_TYPE = YES_ERROR;
				GCC_WARN_UNDECLARED_SELECTOR = YES;
				GCC_WARN_UNINITIALIZED_AUTOS = YES_AGGRESSIVE;
				GCC_WARN_UNUSED_FUNCTION = YES;
				GCC_WARN_UNUSED_VARIABLE = YES;
				IPHONEOS_DEPLOYMENT_TARGET = 14.5;
				MTL_ENABLE_DEBUG_INFO = INCLUDE_SOURCE;
				MTL_FAST_MATH = YES;
				NEW_SETTING = "";
				ONLY_ACTIVE_ARCH = YES;
				SDKROOT = iphoneos;
				SWIFT_ACTIVE_COMPILATION_CONDITIONS = DEBUG;
				SWIFT_OPTIMIZATION_LEVEL = "-Onone";
			};
			name = Debug;
		};
		567EB198268A127800313D03 /* Release */ = {
			isa = XCBuildConfiguration;
			buildSettings = {
				ALWAYS_SEARCH_USER_PATHS = NO;
				CLANG_ANALYZER_LOCALIZABILITY_NONLOCALIZED = YES;
				CLANG_ANALYZER_NONNULL = YES;
				CLANG_ANALYZER_NUMBER_OBJECT_CONVERSION = YES_AGGRESSIVE;
				CLANG_CXX_LANGUAGE_STANDARD = "gnu++14";
				CLANG_CXX_LIBRARY = "libc++";
				CLANG_ENABLE_MODULES = YES;
				CLANG_ENABLE_OBJC_ARC = YES;
				CLANG_ENABLE_OBJC_WEAK = YES;
				CLANG_WARN_BLOCK_CAPTURE_AUTORELEASING = YES;
				CLANG_WARN_BOOL_CONVERSION = YES;
				CLANG_WARN_COMMA = YES;
				CLANG_WARN_CONSTANT_CONVERSION = YES;
				CLANG_WARN_DEPRECATED_OBJC_IMPLEMENTATIONS = YES;
				CLANG_WARN_DIRECT_OBJC_ISA_USAGE = YES_ERROR;
				CLANG_WARN_DOCUMENTATION_COMMENTS = YES;
				CLANG_WARN_EMPTY_BODY = YES;
				CLANG_WARN_ENUM_CONVERSION = YES;
				CLANG_WARN_INFINITE_RECURSION = YES;
				CLANG_WARN_INT_CONVERSION = YES;
				CLANG_WARN_NON_LITERAL_NULL_CONVERSION = YES;
				CLANG_WARN_OBJC_IMPLICIT_RETAIN_SELF = YES;
				CLANG_WARN_OBJC_LITERAL_CONVERSION = YES;
				CLANG_WARN_OBJC_ROOT_CLASS = YES_ERROR;
				CLANG_WARN_QUOTED_INCLUDE_IN_FRAMEWORK_HEADER = YES;
				CLANG_WARN_RANGE_LOOP_ANALYSIS = YES;
				CLANG_WARN_STRICT_PROTOTYPES = YES;
				CLANG_WARN_SUSPICIOUS_MOVE = YES;
				CLANG_WARN_UNGUARDED_AVAILABILITY = YES_AGGRESSIVE;
				CLANG_WARN_UNREACHABLE_CODE = YES;
				CLANG_WARN__DUPLICATE_METHOD_MATCH = YES;
				COPY_PHASE_STRIP = NO;
				DEBUG_INFORMATION_FORMAT = "dwarf-with-dsym";
				ENABLE_NS_ASSERTIONS = NO;
				ENABLE_STRICT_OBJC_MSGSEND = YES;
				GCC_C_LANGUAGE_STANDARD = gnu11;
				GCC_NO_COMMON_BLOCKS = YES;
				GCC_WARN_64_TO_32_BIT_CONVERSION = YES;
				GCC_WARN_ABOUT_RETURN_TYPE = YES_ERROR;
				GCC_WARN_UNDECLARED_SELECTOR = YES;
				GCC_WARN_UNINITIALIZED_AUTOS = YES_AGGRESSIVE;
				GCC_WARN_UNUSED_FUNCTION = YES;
				GCC_WARN_UNUSED_VARIABLE = YES;
				IPHONEOS_DEPLOYMENT_TARGET = 14.5;
				MTL_ENABLE_DEBUG_INFO = NO;
				MTL_FAST_MATH = YES;
				NEW_SETTING = "";
				SDKROOT = iphoneos;
				SWIFT_COMPILATION_MODE = wholemodule;
				SWIFT_OPTIMIZATION_LEVEL = "-O";
				VALIDATE_PRODUCT = YES;
			};
			name = Release;
		};
		567EB19A268A127800313D03 /* Debug */ = {
			isa = XCBuildConfiguration;
			baseConfigurationReference = 85AAE656378DE0AE3120A514 /* Pods-TwoDaysOnTwoDaysOff.debug.xcconfig */;
			buildSettings = {
				ASSETCATALOG_COMPILER_APPICON_NAME = AppIcon;
				ASSETCATALOG_COMPILER_GLOBAL_ACCENT_COLOR_NAME = AccentColor;
				CODE_SIGN_STYLE = Automatic;
				DEVELOPMENT_ASSET_PATHS = "\"TwoDaysOnTwoDaysOff/Preview Content\"";
				DEVELOPMENT_TEAM = 236B3R3Z3Y;
				ENABLE_PREVIEWS = YES;
				INFOPLIST_FILE = TwoDaysOnTwoDaysOff/Info.plist;
				IPHONEOS_DEPLOYMENT_TARGET = 14.1;
				LD_RUNPATH_SEARCH_PATHS = (
					"$(inherited)",
					"@executable_path/Frameworks",
				);
				PRODUCT_BUNDLE_IDENTIFIER = slik.TwoDaysOnTwoDaysOff;
				PRODUCT_NAME = "$(TARGET_NAME)";
				SWIFT_VERSION = 5.0;
				TARGETED_DEVICE_FAMILY = 1;
			};
			name = Debug;
		};
		567EB19B268A127800313D03 /* Release */ = {
			isa = XCBuildConfiguration;
			baseConfigurationReference = 936E66EE5441552D7CFCE054 /* Pods-TwoDaysOnTwoDaysOff.release.xcconfig */;
			buildSettings = {
				ASSETCATALOG_COMPILER_APPICON_NAME = AppIcon;
				ASSETCATALOG_COMPILER_GLOBAL_ACCENT_COLOR_NAME = AccentColor;
				CODE_SIGN_STYLE = Automatic;
				DEVELOPMENT_ASSET_PATHS = "\"TwoDaysOnTwoDaysOff/Preview Content\"";
				DEVELOPMENT_TEAM = 236B3R3Z3Y;
				ENABLE_PREVIEWS = YES;
				INFOPLIST_FILE = TwoDaysOnTwoDaysOff/Info.plist;
				IPHONEOS_DEPLOYMENT_TARGET = 14.1;
				LD_RUNPATH_SEARCH_PATHS = (
					"$(inherited)",
					"@executable_path/Frameworks",
				);
				PRODUCT_BUNDLE_IDENTIFIER = slik.TwoDaysOnTwoDaysOff;
				PRODUCT_NAME = "$(TARGET_NAME)";
				SWIFT_VERSION = 5.0;
				TARGETED_DEVICE_FAMILY = 1;
			};
			name = Release;
		};
		567EB19D268A127800313D03 /* Debug */ = {
			isa = XCBuildConfiguration;
			baseConfigurationReference = 41E066FACED08CD4A908066C /* Pods-TwoDaysOnTwoDaysOffTests.debug.xcconfig */;
			buildSettings = {
				ALWAYS_EMBED_SWIFT_STANDARD_LIBRARIES = YES;
				BUNDLE_LOADER = "$(TEST_HOST)";
				CODE_SIGN_STYLE = Automatic;
				INFOPLIST_FILE = TwoDaysOnTwoDaysOffTests/Info.plist;
				IPHONEOS_DEPLOYMENT_TARGET = 14.1;
				LD_RUNPATH_SEARCH_PATHS = (
					"$(inherited)",
					"@executable_path/Frameworks",
					"@loader_path/Frameworks",
				);
				PRODUCT_BUNDLE_IDENTIFIER = slik.TwoDaysOnTwoDaysOffTests;
				PRODUCT_NAME = "$(TARGET_NAME)";
				SWIFT_VERSION = 5.0;
				TARGETED_DEVICE_FAMILY = "1,2";
				TEST_HOST = "$(BUILT_PRODUCTS_DIR)/TwoDaysOnTwoDaysOff.app/TwoDaysOnTwoDaysOff";
			};
			name = Debug;
		};
		567EB19E268A127800313D03 /* Release */ = {
			isa = XCBuildConfiguration;
			baseConfigurationReference = 4445414EBAD31B971EB017C2 /* Pods-TwoDaysOnTwoDaysOffTests.release.xcconfig */;
			buildSettings = {
				ALWAYS_EMBED_SWIFT_STANDARD_LIBRARIES = YES;
				BUNDLE_LOADER = "$(TEST_HOST)";
				CODE_SIGN_STYLE = Automatic;
				INFOPLIST_FILE = TwoDaysOnTwoDaysOffTests/Info.plist;
				IPHONEOS_DEPLOYMENT_TARGET = 14.1;
				LD_RUNPATH_SEARCH_PATHS = (
					"$(inherited)",
					"@executable_path/Frameworks",
					"@loader_path/Frameworks",
				);
				PRODUCT_BUNDLE_IDENTIFIER = slik.TwoDaysOnTwoDaysOffTests;
				PRODUCT_NAME = "$(TARGET_NAME)";
				SWIFT_VERSION = 5.0;
				TARGETED_DEVICE_FAMILY = "1,2";
				TEST_HOST = "$(BUILT_PRODUCTS_DIR)/TwoDaysOnTwoDaysOff.app/TwoDaysOnTwoDaysOff";
			};
			name = Release;
		};
		567EB1A0268A127800313D03 /* Debug */ = {
			isa = XCBuildConfiguration;
			baseConfigurationReference = 96C5D08C4AEA540088B21AA0 /* Pods-TwoDaysOnTwoDaysOff-TwoDaysOnTwoDaysOffUITests.debug.xcconfig */;
			buildSettings = {
				ALWAYS_EMBED_SWIFT_STANDARD_LIBRARIES = YES;
				CODE_SIGN_STYLE = Automatic;
				INFOPLIST_FILE = TwoDaysOnTwoDaysOffUITests/Info.plist;
				LD_RUNPATH_SEARCH_PATHS = (
					"$(inherited)",
					"@executable_path/Frameworks",
					"@loader_path/Frameworks",
				);
				PRODUCT_BUNDLE_IDENTIFIER = slik.TwoDaysOnTwoDaysOffUITests;
				PRODUCT_NAME = "$(TARGET_NAME)";
				SWIFT_VERSION = 5.0;
				TARGETED_DEVICE_FAMILY = "1,2";
				TEST_TARGET_NAME = TwoDaysOnTwoDaysOff;
			};
			name = Debug;
		};
		567EB1A1268A127800313D03 /* Release */ = {
			isa = XCBuildConfiguration;
			baseConfigurationReference = 8925D81D5B0022A19D8B7DE1 /* Pods-TwoDaysOnTwoDaysOff-TwoDaysOnTwoDaysOffUITests.release.xcconfig */;
			buildSettings = {
				ALWAYS_EMBED_SWIFT_STANDARD_LIBRARIES = YES;
				CODE_SIGN_STYLE = Automatic;
				INFOPLIST_FILE = TwoDaysOnTwoDaysOffUITests/Info.plist;
				LD_RUNPATH_SEARCH_PATHS = (
					"$(inherited)",
					"@executable_path/Frameworks",
					"@loader_path/Frameworks",
				);
				PRODUCT_BUNDLE_IDENTIFIER = slik.TwoDaysOnTwoDaysOffUITests;
				PRODUCT_NAME = "$(TARGET_NAME)";
				SWIFT_VERSION = 5.0;
				TARGETED_DEVICE_FAMILY = "1,2";
				TEST_TARGET_NAME = TwoDaysOnTwoDaysOff;
			};
			name = Release;
		};
/* End XCBuildConfiguration section */

/* Begin XCConfigurationList section */
		567EB16F268A127400313D03 /* Build configuration list for PBXProject "TwoDaysOnTwoDaysOff" */ = {
			isa = XCConfigurationList;
			buildConfigurations = (
				567EB197268A127800313D03 /* Debug */,
				567EB198268A127800313D03 /* Release */,
			);
			defaultConfigurationIsVisible = 0;
			defaultConfigurationName = Release;
		};
		567EB199268A127800313D03 /* Build configuration list for PBXNativeTarget "TwoDaysOnTwoDaysOff" */ = {
			isa = XCConfigurationList;
			buildConfigurations = (
				567EB19A268A127800313D03 /* Debug */,
				567EB19B268A127800313D03 /* Release */,
			);
			defaultConfigurationIsVisible = 0;
			defaultConfigurationName = Release;
		};
		567EB19C268A127800313D03 /* Build configuration list for PBXNativeTarget "TwoDaysOnTwoDaysOffTests" */ = {
			isa = XCConfigurationList;
			buildConfigurations = (
				567EB19D268A127800313D03 /* Debug */,
				567EB19E268A127800313D03 /* Release */,
			);
			defaultConfigurationIsVisible = 0;
			defaultConfigurationName = Release;
		};
		567EB19F268A127800313D03 /* Build configuration list for PBXNativeTarget "TwoDaysOnTwoDaysOffUITests" */ = {
			isa = XCConfigurationList;
			buildConfigurations = (
				567EB1A0268A127800313D03 /* Debug */,
				567EB1A1268A127800313D03 /* Release */,
			);
			defaultConfigurationIsVisible = 0;
			defaultConfigurationName = Release;
		};
/* End XCConfigurationList section */
	};
	rootObject = 567EB16C268A127400313D03 /* Project object */;
}
